
Microsoft Visual Studio Solution File, Format Version 12.00
# Visual Studio Version 17
VisualStudioVersion = 17.14.36518.9 d17.14
MinimumVisualStudioVersion = 10.0.40219.1
Project("{FAE04EC0-301F-11D3-BF4B-00C04F79EFBC}") = "PhotoGallery.Bff.Api", "PhotoGallery.Bff.Api\PhotoGallery.Bff.Api.csproj", "{FE07BAA2-7B58-4C0D-A2DB-6A52EB0DEB7A}"
EndProject
Global
	GlobalSection(SolutionConfigurationPlatforms) = preSolution
		Debug|Any CPU = Debug|Any CPU
		Release|Any CPU = Release|Any CPU
	EndGlobalSection
	GlobalSection(ProjectConfigurationPlatforms) = postSolution
		{FE07BAA2-7B58-4C0D-A2DB-6A52EB0DEB7A}.Debug|Any CPU.ActiveCfg = Debug|Any CPU
		{FE07BAA2-7B58-4C0D-A2DB-6A52EB0DEB7A}.Debug|Any CPU.Build.0 = Debug|Any CPU
		{FE07BAA2-7B58-4C0D-A2DB-6A52EB0DEB7A}.Release|Any CPU.ActiveCfg = Release|Any CPU
		{FE07BAA2-7B58-4C0D-A2DB-6A52EB0DEB7A}.Release|Any CPU.Build.0 = Release|Any CPU
	EndGlobalSection
	GlobalSection(SolutionProperties) = preSolution
		HideSolutionNode = FALSE
	EndGlobalSection
	GlobalSection(ExtensibilityGlobals) = postSolution
		SolutionGuid = {9093AAB2-64FF-449D-98BA-EF138FBA65E7}
	EndGlobalSection
EndGlobal
